
Microsoft Visual Studio Solution File, Format Version 12.00
# Visual Studio 15
Project("{FAE04EC0-301F-11D3-BF4B-00C04F79EFBC}") = "Assembly-CSharp", "Assembly-CSharp.csproj", "{9B15CA9C-6FD8-BE93-B427-C29E504D883D}"
EndProject
Project("{FAE04EC0-301F-11D3-BF4B-00C04F79EFBC}") = "spine-unity", "spine-unity.csproj", "{BAF6F620-94D2-CAA4-0094-DC8BE3742D44}"
EndProject
Project("{FAE04EC0-301F-11D3-BF4B-00C04F79EFBC}") = "Assembly-CSharp-firstpass", "Assembly-CSharp-firstpass.csproj", "{7609E00A-0C9D-B639-3975-2E9FF3C131EF}"
EndProject
Project("{FAE04EC0-301F-11D3-BF4B-00C04F79EFBC}") = "Coffee.UIParticle", "Coffee.UIParticle.csproj", "{20D59331-7C53-0CAE-BB09-2F33200A1AB8}"
EndProject
Project("{FAE04EC0-301F-11D3-BF4B-00C04F79EFBC}") = "Assembly-CSharp-Editor", "Assembly-CSharp-Editor.csproj", "{BF2C8323-0622-DAF7-EDE5-246BE4CA4823}"
EndProject
Project("{FAE04EC0-301F-11D3-BF4B-00C04F79EFBC}") = "spine-unity-editor", "spine-unity-editor.csproj", "{338C9DBC-B5DA-F28D-D0EE-5A44C02020F8}"
EndProject
Project("{FAE04EC0-301F-11D3-BF4B-00C04F79EFBC}") = "Coffee.UIParticle.Editor", "Coffee.UIParticle.Editor.csproj", "{B4F02FE1-EEBA-3371-3C11-6F87C2DF32A4}"
EndProject
Project("{FAE04EC0-301F-11D3-BF4B-00C04F79EFBC}") = "Assembly-CSharp-Editor-firstpass", "Assembly-CSharp-Editor-firstpass.csproj", "{716A9D73-FA20-6354-83AC-3FF594A5CE54}"
EndProject
Global
	GlobalSection(SolutionConfigurationPlatforms) = preSolution
		Debug|Any CPU = Debug|Any CPU
		Release|Any CPU = Release|Any CPU
	EndGlobalSection
	GlobalSection(ProjectConfigurationPlatforms) = postSolution
		{9B15CA9C-6FD8-BE93-B427-C29E504D883D}.Debug|Any CPU.ActiveCfg = Debug|Any CPU
		{9B15CA9C-6FD8-BE93-B427-C29E504D883D}.Debug|Any CPU.Build.0 = Debug|Any CPU
		{9B15CA9C-6FD8-BE93-B427-C29E504D883D}.Release|Any CPU.ActiveCfg = Release|Any CPU
		{9B15CA9C-6FD8-BE93-B427-C29E504D883D}.Release|Any CPU.Build.0 = Release|Any CPU
		{BAF6F620-94D2-CAA4-0094-DC8BE3742D44}.Debug|Any CPU.ActiveCfg = Debug|Any CPU
		{BAF6F620-94D2-CAA4-0094-DC8BE3742D44}.Debug|Any CPU.Build.0 = Debug|Any CPU
		{BAF6F620-94D2-CAA4-0094-DC8BE3742D44}.Release|Any CPU.ActiveCfg = Release|Any CPU
		{BAF6F620-94D2-CAA4-0094-DC8BE3742D44}.Release|Any CPU.Build.0 = Release|Any CPU
		{7609E00A-0C9D-B639-3975-2E9FF3C131EF}.Debug|Any CPU.ActiveCfg = Debug|Any CPU
		{7609E00A-0C9D-B639-3975-2E9FF3C131EF}.Debug|Any CPU.Build.0 = Debug|Any CPU
		{7609E00A-0C9D-B639-3975-2E9FF3C131EF}.Release|Any CPU.ActiveCfg = Release|Any CPU
		{7609E00A-0C9D-B639-3975-2E9FF3C131EF}.Release|Any CPU.Build.0 = Release|Any CPU
		{20D59331-7C53-0CAE-BB09-2F33200A1AB8}.Debug|Any CPU.ActiveCfg = Debug|Any CPU
		{20D59331-7C53-0CAE-BB09-2F33200A1AB8}.Debug|Any CPU.Build.0 = Debug|Any CPU
		{20D59331-7C53-0CAE-BB09-2F33200A1AB8}.Release|Any CPU.ActiveCfg = Release|Any CPU
		{20D59331-7C53-0CAE-BB09-2F33200A1AB8}.Release|Any CPU.Build.0 = Release|Any CPU
		{BF2C8323-0622-DAF7-EDE5-246BE4CA4823}.Debug|Any CPU.ActiveCfg = Debug|Any CPU
		{BF2C8323-0622-DAF7-EDE5-246BE4CA4823}.Debug|Any CPU.Build.0 = Debug|Any CPU
		{BF2C8323-0622-DAF7-EDE5-246BE4CA4823}.Release|Any CPU.ActiveCfg = Release|Any CPU
		{BF2C8323-0622-DAF7-EDE5-246BE4CA4823}.Release|Any CPU.Build.0 = Release|Any CPU
		{338C9DBC-B5DA-F28D-D0EE-5A44C02020F8}.Debug|Any CPU.ActiveCfg = Debug|Any CPU
		{338C9DBC-B5DA-F28D-D0EE-5A44C02020F8}.Debug|Any CPU.Build.0 = Debug|Any CPU
		{338C9DBC-B5DA-F28D-D0EE-5A44C02020F8}.Release|Any CPU.ActiveCfg = Release|Any CPU
		{338C9DBC-B5DA-F28D-D0EE-5A44C02020F8}.Release|Any CPU.Build.0 = Release|Any CPU
		{B4F02FE1-EEBA-3371-3C11-6F87C2DF32A4}.Debug|Any CPU.ActiveCfg = Debug|Any CPU
		{B4F02FE1-EEBA-3371-3C11-6F87C2DF32A4}.Debug|Any CPU.Build.0 = Debug|Any CPU
		{B4F02FE1-EEBA-3371-3C11-6F87C2DF32A4}.Release|Any CPU.ActiveCfg = Release|Any CPU
		{B4F02FE1-EEBA-3371-3C11-6F87C2DF32A4}.Release|Any CPU.Build.0 = Release|Any CPU
		{716A9D73-FA20-6354-83AC-3FF594A5CE54}.Debug|Any CPU.ActiveCfg = Debug|Any CPU
		{716A9D73-FA20-6354-83AC-3FF594A5CE54}.Debug|Any CPU.Build.0 = Debug|Any CPU
		{716A9D73-FA20-6354-83AC-3FF594A5CE54}.Release|Any CPU.ActiveCfg = Release|Any CPU
		{716A9D73-FA20-6354-83AC-3FF594A5CE54}.Release|Any CPU.Build.0 = Release|Any CPU
	EndGlobalSection
	GlobalSection(SolutionProperties) = preSolution
		HideSolutionNode = FALSE
	EndGlobalSection
EndGlobal
