
Microsoft Visual Studio Solution File, Format Version 12.00
# Visual Studio 15
Project("{FAE04EC0-301F-11D3-BF4B-00C04F79EFBC}") = "Assembly-CSharp", "Assembly-CSharp.csproj", "{A58DE575-7FE0-81DE-852F-095CFB456C2A}"
EndProject
Project("{FAE04EC0-301F-11D3-BF4B-00C04F79EFBC}") = "spine-unity", "spine-unity.csproj", "{9B18C14F-66BB-FBF6-1431-C4C8EFA6C3A0}"
EndProject
Project("{FAE04EC0-301F-11D3-BF4B-00C04F79EFBC}") = "Coffee.UIParticle", "Coffee.UIParticle.csproj", "{59FAF853-D440-3230-CF7C-4F1DCD8C3A3B}"
EndProject
Project("{FAE04EC0-301F-11D3-BF4B-00C04F79EFBC}") = "spine-unity-editor", "spine-unity-editor.csproj", "{49A8D78C-BE15-ABDE-C939-87361249E3A3}"
EndProject
Project("{FAE04EC0-301F-11D3-BF4B-00C04F79EFBC}") = "Coffee.UIParticle.Editor", "Coffee.UIParticle.Editor.csproj", "{45A7D41F-C66B-0E0B-1C6C-FDC99B7B495D}"
EndProject
Project("{FAE04EC0-301F-11D3-BF4B-00C04F79EFBC}") = "Assembly-CSharp-Editor", "Assembly-CSharp-Editor.csproj", "{83A93FBB-6D17-BC3F-2E2D-647DA2304166}"
EndProject
Global
	GlobalSection(SolutionConfigurationPlatforms) = preSolution
		Debug|Any CPU = Debug|Any CPU
		Release|Any CPU = Release|Any CPU
	EndGlobalSection
	GlobalSection(ProjectConfigurationPlatforms) = postSolution
		{A58DE575-7FE0-81DE-852F-095CFB456C2A}.Debug|Any CPU.ActiveCfg = Debug|Any CPU
		{A58DE575-7FE0-81DE-852F-095CFB456C2A}.Debug|Any CPU.Build.0 = Debug|Any CPU
		{A58DE575-7FE0-81DE-852F-095CFB456C2A}.Release|Any CPU.ActiveCfg = Release|Any CPU
		{A58DE575-7FE0-81DE-852F-095CFB456C2A}.Release|Any CPU.Build.0 = Release|Any CPU
		{9B18C14F-66BB-FBF6-1431-C4C8EFA6C3A0}.Debug|Any CPU.ActiveCfg = Debug|Any CPU
		{9B18C14F-66BB-FBF6-1431-C4C8EFA6C3A0}.Debug|Any CPU.Build.0 = Debug|Any CPU
		{9B18C14F-66BB-FBF6-1431-C4C8EFA6C3A0}.Release|Any CPU.ActiveCfg = Release|Any CPU
		{9B18C14F-66BB-FBF6-1431-C4C8EFA6C3A0}.Release|Any CPU.Build.0 = Release|Any CPU
		{59FAF853-D440-3230-CF7C-4F1DCD8C3A3B}.Debug|Any CPU.ActiveCfg = Debug|Any CPU
		{59FAF853-D440-3230-CF7C-4F1DCD8C3A3B}.Debug|Any CPU.Build.0 = Debug|Any CPU
		{59FAF853-D440-3230-CF7C-4F1DCD8C3A3B}.Release|Any CPU.ActiveCfg = Release|Any CPU
		{59FAF853-D440-3230-CF7C-4F1DCD8C3A3B}.Release|Any CPU.Build.0 = Release|Any CPU
		{49A8D78C-BE15-ABDE-C939-87361249E3A3}.Debug|Any CPU.ActiveCfg = Debug|Any CPU
		{49A8D78C-BE15-ABDE-C939-87361249E3A3}.Debug|Any CPU.Build.0 = Debug|Any CPU
		{49A8D78C-BE15-ABDE-C939-87361249E3A3}.Release|Any CPU.ActiveCfg = Release|Any CPU
		{49A8D78C-BE15-ABDE-C939-87361249E3A3}.Release|Any CPU.Build.0 = Release|Any CPU
		{45A7D41F-C66B-0E0B-1C6C-FDC99B7B495D}.Debug|Any CPU.ActiveCfg = Debug|Any CPU
		{45A7D41F-C66B-0E0B-1C6C-FDC99B7B495D}.Debug|Any CPU.Build.0 = Debug|Any CPU
		{45A7D41F-C66B-0E0B-1C6C-FDC99B7B495D}.Release|Any CPU.ActiveCfg = Release|Any CPU
		{45A7D41F-C66B-0E0B-1C6C-FDC99B7B495D}.Release|Any CPU.Build.0 = Release|Any CPU
		{83A93FBB-6D17-BC3F-2E2D-647DA2304166}.Debug|Any CPU.ActiveCfg = Debug|Any CPU
		{83A93FBB-6D17-BC3F-2E2D-647DA2304166}.Debug|Any CPU.Build.0 = Debug|Any CPU
		{83A93FBB-6D17-BC3F-2E2D-647DA2304166}.Release|Any CPU.ActiveCfg = Release|Any CPU
		{83A93FBB-6D17-BC3F-2E2D-647DA2304166}.Release|Any CPU.Build.0 = Release|Any CPU
	EndGlobalSection
	GlobalSection(SolutionProperties) = preSolution
		HideSolutionNode = FALSE
	EndGlobalSection
EndGlobal
